
Microsoft Visual Studio Solution File, Format Version 12.00
# Visual Studio Version 16
VisualStudioVersion = 16.0.30523.141
MinimumVisualStudioVersion = 10.0.40219.1
Project("{8BC9CEB8-8B4A-11D0-8D11-00A0C91BC942}") = "laba7.4.2", "laba7.4.2\laba7.4.2.vcxproj", "{67E58D90-839D-4DF2-8664-55FE11783280}"
EndProject
Project("{8BC9CEB8-8B4A-11D0-8D11-00A0C91BC942}") = "UnitTest7.4.2", "UnitTest7.4.2\UnitTest7.4.2.vcxproj", "{6FD72082-C535-4AF0-9B66-9A310ACA4CAE}"
EndProject
Global
	GlobalSection(SolutionConfigurationPlatforms) = preSolution
		Debug|x64 = Debug|x64
		Debug|x86 = Debug|x86
		Release|x64 = Release|x64
		Release|x86 = Release|x86
	EndGlobalSection
	GlobalSection(ProjectConfigurationPlatforms) = postSolution
		{67E58D90-839D-4DF2-8664-55FE11783280}.Debug|x64.ActiveCfg = Debug|x64
		{67E58D90-839D-4DF2-8664-55FE11783280}.Debug|x64.Build.0 = Debug|x64
		{67E58D90-839D-4DF2-8664-55FE11783280}.Debug|x86.ActiveCfg = Debug|Win32
		{67E58D90-839D-4DF2-8664-55FE11783280}.Debug|x86.Build.0 = Debug|Win32
		{67E58D90-839D-4DF2-8664-55FE11783280}.Release|x64.ActiveCfg = Release|x64
		{67E58D90-839D-4DF2-8664-55FE11783280}.Release|x64.Build.0 = Release|x64
		{67E58D90-839D-4DF2-8664-55FE11783280}.Release|x86.ActiveCfg = Release|Win32
		{67E58D90-839D-4DF2-8664-55FE11783280}.Release|x86.Build.0 = Release|Win32
		{6FD72082-C535-4AF0-9B66-9A310ACA4CAE}.Debug|x64.ActiveCfg = Debug|x64
		{6FD72082-C535-4AF0-9B66-9A310ACA4CAE}.Debug|x64.Build.0 = Debug|x64
		{6FD72082-C535-4AF0-9B66-9A310ACA4CAE}.Debug|x86.ActiveCfg = Debug|Win32
		{6FD72082-C535-4AF0-9B66-9A310ACA4CAE}.Debug|x86.Build.0 = Debug|Win32
		{6FD72082-C535-4AF0-9B66-9A310ACA4CAE}.Release|x64.ActiveCfg = Release|x64
		{6FD72082-C535-4AF0-9B66-9A310ACA4CAE}.Release|x64.Build.0 = Release|x64
		{6FD72082-C535-4AF0-9B66-9A310ACA4CAE}.Release|x86.ActiveCfg = Release|Win32
		{6FD72082-C535-4AF0-9B66-9A310ACA4CAE}.Release|x86.Build.0 = Release|Win32
	EndGlobalSection
	GlobalSection(SolutionProperties) = preSolution
		HideSolutionNode = FALSE
	EndGlobalSection
	GlobalSection(ExtensibilityGlobals) = postSolution
		SolutionGuid = {8567CC75-9728-43E0-AE2C-8A79631F5542}
	EndGlobalSection
EndGlobal
